
Microsoft Visual Studio Solution File, Format Version 12.00
# Visual Studio Version 17
VisualStudioVersion = 17.11.35219.272
MinimumVisualStudioVersion = 10.0.40219.1
Project("{FAE04EC0-301F-11D3-BF4B-00C04F79EFBC}") = "Atelier 1 ex3", "Atelier 1 ex3\Atelier 1 ex3.csproj", "{832693C0-6C82-4CA6-A211-294B63A14AE0}"
EndProject
Global
	GlobalSection(SolutionConfigurationPlatforms) = preSolution
		Debug|Any CPU = Debug|Any CPU
		Release|Any CPU = Release|Any CPU
	EndGlobalSection
	GlobalSection(ProjectConfigurationPlatforms) = postSolution
		{832693C0-6C82-4CA6-A211-294B63A14AE0}.Debug|Any CPU.ActiveCfg = Debug|Any CPU
		{832693C0-6C82-4CA6-A211-294B63A14AE0}.Debug|Any CPU.Build.0 = Debug|Any CPU
		{832693C0-6C82-4CA6-A211-294B63A14AE0}.Release|Any CPU.ActiveCfg = Release|Any CPU
		{832693C0-6C82-4CA6-A211-294B63A14AE0}.Release|Any CPU.Build.0 = Release|Any CPU
	EndGlobalSection
	GlobalSection(SolutionProperties) = preSolution
		HideSolutionNode = FALSE
	EndGlobalSection
	GlobalSection(ExtensibilityGlobals) = postSolution
		SolutionGuid = {9489AA44-00B6-4408-8313-738C59AA84DF}
	EndGlobalSection
EndGlobal
